
Microsoft Visual Studio Solution File, Format Version 12.00
# Visual Studio Version 16
VisualStudioVersion = 16.0.810.20
MinimumVisualStudioVersion = 10.0.40219.1
Project("{FAE04EC0-301F-11D3-BF4B-00C04F79EFBC}") = "Muyi-Net-App", "Muyi-Net-App\Muyi-Net-App.csproj", "{E78A30D0-B954-49D4-9D22-75BB4D3FE46E}"
EndProject
Global
	GlobalSection(SolutionConfigurationPlatforms) = preSolution
		Debug|Any CPU = Debug|Any CPU
		Release|Any CPU = Release|Any CPU
	EndGlobalSection
	GlobalSection(ProjectConfigurationPlatforms) = postSolution
		{E78A30D0-B954-49D4-9D22-75BB4D3FE46E}.Debug|Any CPU.ActiveCfg = Debug|Any CPU
		{E78A30D0-B954-49D4-9D22-75BB4D3FE46E}.Debug|Any CPU.Build.0 = Debug|Any CPU
		{E78A30D0-B954-49D4-9D22-75BB4D3FE46E}.Release|Any CPU.ActiveCfg = Release|Any CPU
		{E78A30D0-B954-49D4-9D22-75BB4D3FE46E}.Release|Any CPU.Build.0 = Release|Any CPU
	EndGlobalSection
	GlobalSection(SolutionProperties) = preSolution
		HideSolutionNode = FALSE
	EndGlobalSection
	GlobalSection(ExtensibilityGlobals) = postSolution
		SolutionGuid = {94623945-2CBB-43E5-BE84-FD762F01BB17}
	EndGlobalSection
EndGlobal
